
Microsoft Visual Studio Solution File, Format Version 12.00
# Visual Studio Version 17
VisualStudioVersion = 17.2.32616.157
MinimumVisualStudioVersion = 10.0.40219.1
Project("{2150E333-8FDC-42A3-9474-1A3956D46DE8}") = "1 - Application", "1 - Application", "{BB9CAF1A-F14B-4A0E-8E37-D7EB899EC3B5}"
EndProject
Project("{2150E333-8FDC-42A3-9474-1A3956D46DE8}") = "2 - Domain", "2 - Domain", "{9CE85431-7280-4259-B933-B0ADF70B9EB3}"
EndProject
Project("{2150E333-8FDC-42A3-9474-1A3956D46DE8}") = "3 - Service", "3 - Service", "{996567F4-953A-40E4-AAC7-C1205B603218}"
EndProject
Project("{2150E333-8FDC-42A3-9474-1A3956D46DE8}") = "4 - Infrastructure", "4 - Infrastructure", "{12E15497-E06B-43A0-B8C6-DE89943C84A4}"
EndProject
Project("{2150E333-8FDC-42A3-9474-1A3956D46DE8}") = "5 - Test", "5 - Test", "{393970D4-3F54-47D0-AB25-1774850125CB}"
EndProject
Project("{9A19103F-16F7-4668-BE54-9A1E7A4F7556}") = "Pebolim.API", "Pebolim.API\Pebolim.API.csproj", "{5A571415-2770-4B36-B0D7-6F04558B9796}"
	ProjectSection(ProjectDependencies) = postProject
		{4105F97C-4C41-4E5C-8183-3443818F1320} = {4105F97C-4C41-4E5C-8183-3443818F1320}
		{49C168AC-9283-4007-99A3-524991892726} = {49C168AC-9283-4007-99A3-524991892726}
	EndProjectSection
EndProject
Project("{9A19103F-16F7-4668-BE54-9A1E7A4F7556}") = "Pebolim.Domain", "Pebolim.Domain\Pebolim.Domain.csproj", "{4105F97C-4C41-4E5C-8183-3443818F1320}"
EndProject
Project("{9A19103F-16F7-4668-BE54-9A1E7A4F7556}") = "Pebolim.Service", "Pebolim.Service\Pebolim.Service.csproj", "{49C168AC-9283-4007-99A3-524991892726}"
	ProjectSection(ProjectDependencies) = postProject
		{02EC8A5E-360E-4ACF-AD94-13271C2673D4} = {02EC8A5E-360E-4ACF-AD94-13271C2673D4}
		{4105F97C-4C41-4E5C-8183-3443818F1320} = {4105F97C-4C41-4E5C-8183-3443818F1320}
	EndProjectSection
EndProject
Project("{9A19103F-16F7-4668-BE54-9A1E7A4F7556}") = "Pebolim.Data", "Pebolim.Data\Pebolim.Data.csproj", "{02EC8A5E-360E-4ACF-AD94-13271C2673D4}"
	ProjectSection(ProjectDependencies) = postProject
		{4105F97C-4C41-4E5C-8183-3443818F1320} = {4105F97C-4C41-4E5C-8183-3443818F1320}
	EndProjectSection
EndProject
Project("{9A19103F-16F7-4668-BE54-9A1E7A4F7556}") = "Pebolim.UnitTest", "Pebolim.UnitTest\Pebolim.UnitTest.csproj", "{AA638819-836F-4B65-9D3B-3530CDF5D2A5}"
	ProjectSection(ProjectDependencies) = postProject
		{02EC8A5E-360E-4ACF-AD94-13271C2673D4} = {02EC8A5E-360E-4ACF-AD94-13271C2673D4}
		{4105F97C-4C41-4E5C-8183-3443818F1320} = {4105F97C-4C41-4E5C-8183-3443818F1320}
		{49C168AC-9283-4007-99A3-524991892726} = {49C168AC-9283-4007-99A3-524991892726}
		{5A571415-2770-4B36-B0D7-6F04558B9796} = {5A571415-2770-4B36-B0D7-6F04558B9796}
	EndProjectSection
EndProject
Global
	GlobalSection(SolutionConfigurationPlatforms) = preSolution
		Debug|Any CPU = Debug|Any CPU
		Release|Any CPU = Release|Any CPU
	EndGlobalSection
	GlobalSection(ProjectConfigurationPlatforms) = postSolution
		{5A571415-2770-4B36-B0D7-6F04558B9796}.Debug|Any CPU.ActiveCfg = Debug|Any CPU
		{5A571415-2770-4B36-B0D7-6F04558B9796}.Debug|Any CPU.Build.0 = Debug|Any CPU
		{5A571415-2770-4B36-B0D7-6F04558B9796}.Release|Any CPU.ActiveCfg = Release|Any CPU
		{5A571415-2770-4B36-B0D7-6F04558B9796}.Release|Any CPU.Build.0 = Release|Any CPU
		{4105F97C-4C41-4E5C-8183-3443818F1320}.Debug|Any CPU.ActiveCfg = Debug|Any CPU
		{4105F97C-4C41-4E5C-8183-3443818F1320}.Debug|Any CPU.Build.0 = Debug|Any CPU
		{4105F97C-4C41-4E5C-8183-3443818F1320}.Release|Any CPU.ActiveCfg = Release|Any CPU
		{4105F97C-4C41-4E5C-8183-3443818F1320}.Release|Any CPU.Build.0 = Release|Any CPU
		{49C168AC-9283-4007-99A3-524991892726}.Debug|Any CPU.ActiveCfg = Debug|Any CPU
		{49C168AC-9283-4007-99A3-524991892726}.Debug|Any CPU.Build.0 = Debug|Any CPU
		{49C168AC-9283-4007-99A3-524991892726}.Release|Any CPU.ActiveCfg = Release|Any CPU
		{49C168AC-9283-4007-99A3-524991892726}.Release|Any CPU.Build.0 = Release|Any CPU
		{02EC8A5E-360E-4ACF-AD94-13271C2673D4}.Debug|Any CPU.ActiveCfg = Debug|Any CPU
		{02EC8A5E-360E-4ACF-AD94-13271C2673D4}.Debug|Any CPU.Build.0 = Debug|Any CPU
		{02EC8A5E-360E-4ACF-AD94-13271C2673D4}.Release|Any CPU.ActiveCfg = Release|Any CPU
		{02EC8A5E-360E-4ACF-AD94-13271C2673D4}.Release|Any CPU.Build.0 = Release|Any CPU
		{AA638819-836F-4B65-9D3B-3530CDF5D2A5}.Debug|Any CPU.ActiveCfg = Debug|Any CPU
		{AA638819-836F-4B65-9D3B-3530CDF5D2A5}.Debug|Any CPU.Build.0 = Debug|Any CPU
		{AA638819-836F-4B65-9D3B-3530CDF5D2A5}.Release|Any CPU.ActiveCfg = Release|Any CPU
		{AA638819-836F-4B65-9D3B-3530CDF5D2A5}.Release|Any CPU.Build.0 = Release|Any CPU
	EndGlobalSection
	GlobalSection(SolutionProperties) = preSolution
		HideSolutionNode = FALSE
	EndGlobalSection
	GlobalSection(NestedProjects) = preSolution
		{5A571415-2770-4B36-B0D7-6F04558B9796} = {BB9CAF1A-F14B-4A0E-8E37-D7EB899EC3B5}
		{4105F97C-4C41-4E5C-8183-3443818F1320} = {9CE85431-7280-4259-B933-B0ADF70B9EB3}
		{49C168AC-9283-4007-99A3-524991892726} = {996567F4-953A-40E4-AAC7-C1205B603218}
		{02EC8A5E-360E-4ACF-AD94-13271C2673D4} = {12E15497-E06B-43A0-B8C6-DE89943C84A4}
		{AA638819-836F-4B65-9D3B-3530CDF5D2A5} = {393970D4-3F54-47D0-AB25-1774850125CB}
	EndGlobalSection
	GlobalSection(ExtensibilityGlobals) = postSolution
		SolutionGuid = {7B5AE31B-639E-48C8-A46E-321A1EA26E2E}
	EndGlobalSection
EndGlobal
